<?xml version="1.0" encoding="utf-8"?>
<Project ToolsVersion="4.0" xmlns="http://schemas.microsoft.com/developer/msbuild/2003">
  <ItemGroup>
    <ClCompile Include="Arena.cpp" />
    <ClCompile Include="Game.cpp" />
    <ClCompile Include="Graphics.cpp" />
    <ClCompile Include="Image.cpp" />
    <ClCompile Include="Input.cpp" />
    <ClCompile Include="MarioGame.cpp" />
    <ClCompile Include="MovingObject.cpp" />
    <ClCompile Include="Object.cpp" />
    <ClCompile Include="ObjectBlock.cpp" />
    <ClCompile Include="ObjectBrick.cpp" />
    <ClCompile Include="ObjectCoin.cpp" />
    <ClCompile Include="ObjectEnemy.cpp" />
    <ClCompile Include="ObjectMario.cpp" />
    <ClCompile Include="ObjectMushroom.cpp" />
    <ClCompile Include="ObjectPipe.cpp" />
    <ClCompile Include="ObjectPowerup.cpp" />
    <ClCompile Include="ObjectQuestion.cpp" />
    <ClCompile Include="TextureManager.cpp" />
    <ClCompile Include="WinMain.cpp" />
    <ClCompile Include="ObjectConstants.cpp" />
  </ItemGroup>
  <ItemGroup>
    <ClInclude Include="Arena.h" />
    <ClInclude Include="Constants.h" />
    <ClInclude Include="Game.h" />
    <ClInclude Include="GameError.h" />
    <ClInclude Include="Graphics.h" />
    <ClInclude Include="Image.h" />
    <ClInclude Include="Input.h" />
    <ClInclude Include="MarioGame.h" />
    <ClInclude Include="MovingObject.h" />
    <ClInclude Include="Object.h" />
    <ClInclude Include="ObjectBlock.h" />
    <ClInclude Include="ObjectBrick.h" />
    <ClInclude Include="ObjectCoin.h" />
    <ClInclude Include="ObjectEnemy.h" />
    <ClInclude Include="ObjectMario.h" />
    <ClInclude Include="ObjectMushroom.h" />
    <ClInclude Include="ObjectPipe.h" />
    <ClInclude Include="ObjectPowerup.h" />
    <ClInclude Include="ObjectQuestion.h" />
    <ClInclude Include="TextureManager.h" />
  </ItemGroup>
  <ItemGroup>
    <None Include="ClassDiagram.cd" />
  </ItemGroup>
</Project>